
Microsoft Visual Studio Solution File, Format Version 12.00
# Visual Studio 15
Project("{FAE04EC0-301F-11D3-BF4B-00C04F79EFBC}") = "Assembly-CSharp", "Assembly-CSharp.csproj", "{A8547E27-BB45-72D0-6BE1-DFCA71CE326B}"
EndProject
Project("{FAE04EC0-301F-11D3-BF4B-00C04F79EFBC}") = "Assembly-CSharp-Editor", "Assembly-CSharp-Editor.csproj", "{70902EB9-219C-C642-917D-651D6314688A}"
EndProject
Global
	GlobalSection(SolutionConfigurationPlatforms) = preSolution
		Debug|Any CPU = Debug|Any CPU
		Release|Any CPU = Release|Any CPU
	EndGlobalSection
	GlobalSection(ProjectConfigurationPlatforms) = postSolution
		{A8547E27-BB45-72D0-6BE1-DFCA71CE326B}.Debug|Any CPU.ActiveCfg = Debug|Any CPU
		{A8547E27-BB45-72D0-6BE1-DFCA71CE326B}.Debug|Any CPU.Build.0 = Debug|Any CPU
		{A8547E27-BB45-72D0-6BE1-DFCA71CE326B}.Release|Any CPU.ActiveCfg = Release|Any CPU
		{A8547E27-BB45-72D0-6BE1-DFCA71CE326B}.Release|Any CPU.Build.0 = Release|Any CPU
		{70902EB9-219C-C642-917D-651D6314688A}.Debug|Any CPU.ActiveCfg = Debug|Any CPU
		{70902EB9-219C-C642-917D-651D6314688A}.Debug|Any CPU.Build.0 = Debug|Any CPU
		{70902EB9-219C-C642-917D-651D6314688A}.Release|Any CPU.ActiveCfg = Release|Any CPU
		{70902EB9-219C-C642-917D-651D6314688A}.Release|Any CPU.Build.0 = Release|Any CPU
	EndGlobalSection
	GlobalSection(SolutionProperties) = preSolution
		HideSolutionNode = FALSE
	EndGlobalSection
	GlobalSection(SolutionProperties) = preSolution
		HideSolutionNode = FALSE
	EndGlobalSection
EndGlobal
